
Microsoft Visual Studio Solution File, Format Version 12.00
# Visual Studio 15
Project("{FAE04EC0-301F-11D3-BF4B-00C04F79EFBC}") = "Assembly-CSharp", "Assembly-CSharp.csproj", "{2F595602-A868-DABE-D8FB-2765CFC11AF3}"
EndProject
Project("{FAE04EC0-301F-11D3-BF4B-00C04F79EFBC}") = "NavMeshComponents", "NavMeshComponents.csproj", "{69B4F5FA-50B8-2519-A608-C1C0BE0C75E4}"
EndProject
Project("{FAE04EC0-301F-11D3-BF4B-00C04F79EFBC}") = "NavMeshComponentsEditor", "NavMeshComponentsEditor.csproj", "{49CF8A4C-DFE4-D347-C525-144E5C007571}"
EndProject
Project("{FAE04EC0-301F-11D3-BF4B-00C04F79EFBC}") = "Assembly-CSharp-Editor", "Assembly-CSharp-Editor.csproj", "{25522C5E-8C09-C82A-FF67-97ADD3FB9AED}"
EndProject
Global
	GlobalSection(SolutionConfigurationPlatforms) = preSolution
		Debug|Any CPU = Debug|Any CPU
		Release|Any CPU = Release|Any CPU
	EndGlobalSection
	GlobalSection(ProjectConfigurationPlatforms) = postSolution
		{2F595602-A868-DABE-D8FB-2765CFC11AF3}.Debug|Any CPU.ActiveCfg = Debug|Any CPU
		{2F595602-A868-DABE-D8FB-2765CFC11AF3}.Debug|Any CPU.Build.0 = Debug|Any CPU
		{2F595602-A868-DABE-D8FB-2765CFC11AF3}.Release|Any CPU.ActiveCfg = Release|Any CPU
		{2F595602-A868-DABE-D8FB-2765CFC11AF3}.Release|Any CPU.Build.0 = Release|Any CPU
		{69B4F5FA-50B8-2519-A608-C1C0BE0C75E4}.Debug|Any CPU.ActiveCfg = Debug|Any CPU
		{69B4F5FA-50B8-2519-A608-C1C0BE0C75E4}.Debug|Any CPU.Build.0 = Debug|Any CPU
		{69B4F5FA-50B8-2519-A608-C1C0BE0C75E4}.Release|Any CPU.ActiveCfg = Release|Any CPU
		{69B4F5FA-50B8-2519-A608-C1C0BE0C75E4}.Release|Any CPU.Build.0 = Release|Any CPU
		{49CF8A4C-DFE4-D347-C525-144E5C007571}.Debug|Any CPU.ActiveCfg = Debug|Any CPU
		{49CF8A4C-DFE4-D347-C525-144E5C007571}.Debug|Any CPU.Build.0 = Debug|Any CPU
		{49CF8A4C-DFE4-D347-C525-144E5C007571}.Release|Any CPU.ActiveCfg = Release|Any CPU
		{49CF8A4C-DFE4-D347-C525-144E5C007571}.Release|Any CPU.Build.0 = Release|Any CPU
		{25522C5E-8C09-C82A-FF67-97ADD3FB9AED}.Debug|Any CPU.ActiveCfg = Debug|Any CPU
		{25522C5E-8C09-C82A-FF67-97ADD3FB9AED}.Debug|Any CPU.Build.0 = Debug|Any CPU
		{25522C5E-8C09-C82A-FF67-97ADD3FB9AED}.Release|Any CPU.ActiveCfg = Release|Any CPU
		{25522C5E-8C09-C82A-FF67-97ADD3FB9AED}.Release|Any CPU.Build.0 = Release|Any CPU
	EndGlobalSection
	GlobalSection(SolutionProperties) = preSolution
		HideSolutionNode = FALSE
	EndGlobalSection
EndGlobal
